// !$*UTF8*$!
{
	archiveVersion = 1;
	classes = {
	};
	objectVersion = 48;
	objects = {

/* Begin PBXBuildFile section */
		4F9B3A29CF6BD9E453B7D198 /* Pods_EasyDoc.framework in Frameworks */ = {isa = PBXBuildFile; fileRef = 4943565C9B9F22F7FB166CA6 /* Pods_EasyDoc.framework */; };
		C62418762020ECD200C20CFB /* UploadTemplatesServices.swift in Sources */ = {isa = PBXBuildFile; fileRef = C62418752020ECD200C20CFB /* UploadTemplatesServices.swift */; };
		C6480189201C02A30099F872 /* EasyDocQueryError.swift in Sources */ = {isa = PBXBuildFile; fileRef = C6480188201C02A30099F872 /* EasyDocQueryError.swift */; };
		C648018B201C0E3B0099F872 /* EasyDocParsingError.swift in Sources */ = {isa = PBXBuildFile; fileRef = C648018A201C0E3B0099F872 /* EasyDocParsingError.swift */; };
		C648018D201E69F40099F872 /* SettingsTableViewController.swift in Sources */ = {isa = PBXBuildFile; fileRef = C648018C201E69F40099F872 /* SettingsTableViewController.swift */; };
		C6480190201ECAB50099F872 /* DocumentTableViewCell.swift in Sources */ = {isa = PBXBuildFile; fileRef = C648018F201ECAB50099F872 /* DocumentTableViewCell.swift */; };
		C6480192201ECABF0099F872 /* TemplateTableViewCell.swift in Sources */ = {isa = PBXBuildFile; fileRef = C6480191201ECABF0099F872 /* TemplateTableViewCell.swift */; };
		C6480194201F87FA0099F872 /* EasyDocOfflineError.swift in Sources */ = {isa = PBXBuildFile; fileRef = C6480193201F87FA0099F872 /* EasyDocOfflineError.swift */; };
		C6480196201F8E580099F872 /* EasyDocGeneralError.swift in Sources */ = {isa = PBXBuildFile; fileRef = C6480195201F8E580099F872 /* EasyDocGeneralError.swift */; };
		C6480198201F91C70099F872 /* DateExtensions.swift in Sources */ = {isa = PBXBuildFile; fileRef = C6480197201F91C70099F872 /* DateExtensions.swift */; };
		C648019A201F94910099F872 /* DocumentViewController.swift in Sources */ = {isa = PBXBuildFile; fileRef = C6480199201F94910099F872 /* DocumentViewController.swift */; };
		C648019C201F98840099F872 /* FetchingServices.swift in Sources */ = {isa = PBXBuildFile; fileRef = C648019B201F98840099F872 /* FetchingServices.swift */; };
		C64801A0201FA5550099F872 /* TemplatesViewController.swift in Sources */ = {isa = PBXBuildFile; fileRef = C648019F201FA5550099F872 /* TemplatesViewController.swift */; };
		C64801A2201FA6880099F872 /* TemplateViewController.swift in Sources */ = {isa = PBXBuildFile; fileRef = C64801A1201FA6880099F872 /* TemplateViewController.swift */; };
		C694858D201AC13700357129 /* GoogleService-Info.plist in Resources */ = {isa = PBXBuildFile; fileRef = C694858C201AC13700357129 /* GoogleService-Info.plist */; };
		C6948590201B967000357129 /* EasyDocAuthError.swift in Sources */ = {isa = PBXBuildFile; fileRef = C694858F201B967000357129 /* EasyDocAuthError.swift */; };
		C6948592201BAB0100357129 /* ErrorHandling.swift in Sources */ = {isa = PBXBuildFile; fileRef = C6948591201BAB0100357129 /* ErrorHandling.swift */; };
		C6948596201BADA900357129 /* EasyDocError.swift in Sources */ = {isa = PBXBuildFile; fileRef = C6948595201BADA900357129 /* EasyDocError.swift */; };
		C6948598201BCC1F00357129 /* ParseObjects.swift in Sources */ = {isa = PBXBuildFile; fileRef = C6948597201BCC1F00357129 /* ParseObjects.swift */; };
		C6DEC693202243E400309C47 /* TemplateTableViewController.swift in Sources */ = {isa = PBXBuildFile; fileRef = C6DEC692202243E400309C47 /* TemplateTableViewController.swift */; };
		C6DEC6952022486D00309C47 /* DocumentFieldTableViewCell.swift in Sources */ = {isa = PBXBuildFile; fileRef = C6DEC6942022486D00309C47 /* DocumentFieldTableViewCell.swift */; };
		C6DEC697202248E400309C47 /* TemplateFieldTableViewCell.swift in Sources */ = {isa = PBXBuildFile; fileRef = C6DEC696202248E400309C47 /* TemplateFieldTableViewCell.swift */; };
		C6DEC69A2022539900309C47 /* DocumentServices.swift in Sources */ = {isa = PBXBuildFile; fileRef = C6DEC6992022539900309C47 /* DocumentServices.swift */; };
		C6DEC69C2022971600309C47 /* Field.swift in Sources */ = {isa = PBXBuildFile; fileRef = C6DEC69B2022971600309C47 /* Field.swift */; };
		C6E8EDAA2016E5180075B729 /* AppDelegate.swift in Sources */ = {isa = PBXBuildFile; fileRef = C6E8EDA92016E5180075B729 /* AppDelegate.swift */; };
		C6E8EDAC2016E5180075B729 /* LoginViewController.swift in Sources */ = {isa = PBXBuildFile; fileRef = C6E8EDAB2016E5180075B729 /* LoginViewController.swift */; };
		C6E8EDAF2016E5180075B729 /* Main.storyboard in Resources */ = {isa = PBXBuildFile; fileRef = C6E8EDAD2016E5180075B729 /* Main.storyboard */; };
		C6E8EDB12016E5180075B729 /* Assets.xcassets in Resources */ = {isa = PBXBuildFile; fileRef = C6E8EDB02016E5180075B729 /* Assets.xcassets */; };
		C6E8EDB42016E5180075B729 /* LaunchScreen.storyboard in Resources */ = {isa = PBXBuildFile; fileRef = C6E8EDB22016E5180075B729 /* LaunchScreen.storyboard */; };
		C6E8EDBC2016EFBD0075B729 /* SignUpViewController.swift in Sources */ = {isa = PBXBuildFile; fileRef = C6E8EDBB2016EFBD0075B729 /* SignUpViewController.swift */; };
		C6E8EDC2201701000075B729 /* DocumentsViewController.swift in Sources */ = {isa = PBXBuildFile; fileRef = C6E8EDC1201701000075B729 /* DocumentsViewController.swift */; };
		C6E8EDC62017CFDB0075B729 /* Notes.swift in Sources */ = {isa = PBXBuildFile; fileRef = C6E8EDC52017CFDB0075B729 /* Notes.swift */; };
		C6FABAEC201802DF0068C6ED /* LoginServices.swift in Sources */ = {isa = PBXBuildFile; fileRef = C6FABAEB201802DF0068C6ED /* LoginServices.swift */; };
		C6FABAF22018F70E0068C6ED /* MainUser.swift in Sources */ = {isa = PBXBuildFile; fileRef = C6FABAF12018F70E0068C6ED /* MainUser.swift */; };
		C6FABAF72018F76C0068C6ED /* Document.swift in Sources */ = {isa = PBXBuildFile; fileRef = C6FABAF62018F76C0068C6ED /* Document.swift */; };
		C6FABAF92018F87E0068C6ED /* Template.swift in Sources */ = {isa = PBXBuildFile; fileRef = C6FABAF82018F87E0068C6ED /* Template.swift */; };
		C6FABAFB2018FA080068C6ED /* AuthServices.swift in Sources */ = {isa = PBXBuildFile; fileRef = C6FABAFA2018FA080068C6ED /* AuthServices.swift */; };
		C6FABAFE2018FBF70068C6ED /* AppShared.swift in Sources */ = {isa = PBXBuildFile; fileRef = C6FABAFD2018FBF70068C6ED /* AppShared.swift */; };
		C6FABB012019037A0068C6ED /* UIViewControllerExtensions.swift in Sources */ = {isa = PBXBuildFile; fileRef = C6FABB002019037A0068C6ED /* UIViewControllerExtensions.swift */; };
		C6FABB0320190C7E0068C6ED /* DatabaseManager.swift in Sources */ = {isa = PBXBuildFile; fileRef = C6FABB0220190C7E0068C6ED /* DatabaseManager.swift */; };
/* End PBXBuildFile section */

/* Begin PBXFileReference section */
		4943565C9B9F22F7FB166CA6 /* Pods_EasyDoc.framework */ = {isa = PBXFileReference; explicitFileType = wrapper.framework; includeInIndex = 0; path = Pods_EasyDoc.framework; sourceTree = BUILT_PRODUCTS_DIR; };
		827BD2A8F175569DA5C08BE6 /* Pods-EasyDoc.release.xcconfig */ = {isa = PBXFileReference; includeInIndex = 1; lastKnownFileType = text.xcconfig; name = "Pods-EasyDoc.release.xcconfig"; path = "Pods/Target Support Files/Pods-EasyDoc/Pods-EasyDoc.release.xcconfig"; sourceTree = "<group>"; };
		ACABEFCA855CF27AA93F7E2E /* Pods-EasyDoc.debug.xcconfig */ = {isa = PBXFileReference; includeInIndex = 1; lastKnownFileType = text.xcconfig; name = "Pods-EasyDoc.debug.xcconfig"; path = "Pods/Target Support Files/Pods-EasyDoc/Pods-EasyDoc.debug.xcconfig"; sourceTree = "<group>"; };
		C62418752020ECD200C20CFB /* UploadTemplatesServices.swift */ = {isa = PBXFileReference; lastKnownFileType = sourcecode.swift; path = UploadTemplatesServices.swift; sourceTree = "<group>"; };
		C6480188201C02A30099F872 /* EasyDocQueryError.swift */ = {isa = PBXFileReference; lastKnownFileType = sourcecode.swift; path = EasyDocQueryError.swift; sourceTree = "<group>"; };
		C648018A201C0E3B0099F872 /* EasyDocParsingError.swift */ = {isa = PBXFileReference; lastKnownFileType = sourcecode.swift; path = EasyDocParsingError.swift; sourceTree = "<group>"; };
		C648018C201E69F40099F872 /* SettingsTableViewController.swift */ = {isa = PBXFileReference; lastKnownFileType = sourcecode.swift; path = SettingsTableViewController.swift; sourceTree = "<group>"; };
		C648018F201ECAB50099F872 /* DocumentTableViewCell.swift */ = {isa = PBXFileReference; lastKnownFileType = sourcecode.swift; path = DocumentTableViewCell.swift; sourceTree = "<group>"; };
		C6480191201ECABF0099F872 /* TemplateTableViewCell.swift */ = {isa = PBXFileReference; lastKnownFileType = sourcecode.swift; path = TemplateTableViewCell.swift; sourceTree = "<group>"; };
		C6480193201F87FA0099F872 /* EasyDocOfflineError.swift */ = {isa = PBXFileReference; lastKnownFileType = sourcecode.swift; path = EasyDocOfflineError.swift; sourceTree = "<group>"; };
		C6480195201F8E580099F872 /* EasyDocGeneralError.swift */ = {isa = PBXFileReference; lastKnownFileType = sourcecode.swift; path = EasyDocGeneralError.swift; sourceTree = "<group>"; };
		C6480197201F91C70099F872 /* DateExtensions.swift */ = {isa = PBXFileReference; lastKnownFileType = sourcecode.swift; path = DateExtensions.swift; sourceTree = "<group>"; };
		C6480199201F94910099F872 /* DocumentViewController.swift */ = {isa = PBXFileReference; lastKnownFileType = sourcecode.swift; path = DocumentViewController.swift; sourceTree = "<group>"; };
		C648019B201F98840099F872 /* FetchingServices.swift */ = {isa = PBXFileReference; lastKnownFileType = sourcecode.swift; path = FetchingServices.swift; sourceTree = "<group>"; };
		C648019F201FA5550099F872 /* TemplatesViewController.swift */ = {isa = PBXFileReference; lastKnownFileType = sourcecode.swift; path = TemplatesViewController.swift; sourceTree = "<group>"; };
		C64801A1201FA6880099F872 /* TemplateViewController.swift */ = {isa = PBXFileReference; lastKnownFileType = sourcecode.swift; path = TemplateViewController.swift; sourceTree = "<group>"; };
		C694858C201AC13700357129 /* GoogleService-Info.plist */ = {isa = PBXFileReference; fileEncoding = 4; lastKnownFileType = text.plist.xml; path = "GoogleService-Info.plist"; sourceTree = "<group>"; };
		C694858F201B967000357129 /* EasyDocAuthError.swift */ = {isa = PBXFileReference; lastKnownFileType = sourcecode.swift; path = EasyDocAuthError.swift; sourceTree = "<group>"; };
		C6948591201BAB0100357129 /* ErrorHandling.swift */ = {isa = PBXFileReference; lastKnownFileType = sourcecode.swift; path = ErrorHandling.swift; sourceTree = "<group>"; };
		C6948595201BADA900357129 /* EasyDocError.swift */ = {isa = PBXFileReference; lastKnownFileType = sourcecode.swift; path = EasyDocError.swift; sourceTree = "<group>"; };
		C6948597201BCC1F00357129 /* ParseObjects.swift */ = {isa = PBXFileReference; lastKnownFileType = sourcecode.swift; path = ParseObjects.swift; sourceTree = "<group>"; };
		C6DEC692202243E400309C47 /* TemplateTableViewController.swift */ = {isa = PBXFileReference; lastKnownFileType = sourcecode.swift; path = TemplateTableViewController.swift; sourceTree = "<group>"; };
		C6DEC6942022486D00309C47 /* DocumentFieldTableViewCell.swift */ = {isa = PBXFileReference; lastKnownFileType = sourcecode.swift; path = DocumentFieldTableViewCell.swift; sourceTree = "<group>"; };
		C6DEC696202248E400309C47 /* TemplateFieldTableViewCell.swift */ = {isa = PBXFileReference; lastKnownFileType = sourcecode.swift; path = TemplateFieldTableViewCell.swift; sourceTree = "<group>"; };
		C6DEC6992022539900309C47 /* DocumentServices.swift */ = {isa = PBXFileReference; lastKnownFileType = sourcecode.swift; path = DocumentServices.swift; sourceTree = "<group>"; };
		C6DEC69B2022971600309C47 /* Field.swift */ = {isa = PBXFileReference; lastKnownFileType = sourcecode.swift; path = Field.swift; sourceTree = "<group>"; };
		C6E8EDA62016E5180075B729 /* EasyDoc.app */ = {isa = PBXFileReference; explicitFileType = wrapper.application; includeInIndex = 0; path = EasyDoc.app; sourceTree = BUILT_PRODUCTS_DIR; };
		C6E8EDA92016E5180075B729 /* AppDelegate.swift */ = {isa = PBXFileReference; lastKnownFileType = sourcecode.swift; path = AppDelegate.swift; sourceTree = "<group>"; };
		C6E8EDAB2016E5180075B729 /* LoginViewController.swift */ = {isa = PBXFileReference; lastKnownFileType = sourcecode.swift; path = LoginViewController.swift; sourceTree = "<group>"; };
		C6E8EDAE2016E5180075B729 /* Base */ = {isa = PBXFileReference; lastKnownFileType = file.storyboard; name = Base; path = Base.lproj/Main.storyboard; sourceTree = "<group>"; };
		C6E8EDB02016E5180075B729 /* Assets.xcassets */ = {isa = PBXFileReference; lastKnownFileType = folder.assetcatalog; path = Assets.xcassets; sourceTree = "<group>"; };
		C6E8EDB32016E5180075B729 /* Base */ = {isa = PBXFileReference; lastKnownFileType = file.storyboard; name = Base; path = Base.lproj/LaunchScreen.storyboard; sourceTree = "<group>"; };
		C6E8EDB52016E5180075B729 /* Info.plist */ = {isa = PBXFileReference; lastKnownFileType = text.plist.xml; path = Info.plist; sourceTree = "<group>"; };
		C6E8EDBB2016EFBD0075B729 /* SignUpViewController.swift */ = {isa = PBXFileReference; lastKnownFileType = sourcecode.swift; path = SignUpViewController.swift; sourceTree = "<group>"; };
		C6E8EDC1201701000075B729 /* DocumentsViewController.swift */ = {isa = PBXFileReference; lastKnownFileType = sourcecode.swift; path = DocumentsViewController.swift; sourceTree = "<group>"; };
		C6E8EDC52017CFDB0075B729 /* Notes.swift */ = {isa = PBXFileReference; lastKnownFileType = sourcecode.swift; path = Notes.swift; sourceTree = "<group>"; };
		C6FABAEB201802DF0068C6ED /* LoginServices.swift */ = {isa = PBXFileReference; lastKnownFileType = sourcecode.swift; path = LoginServices.swift; sourceTree = "<group>"; };
		C6FABAF12018F70E0068C6ED /* MainUser.swift */ = {isa = PBXFileReference; lastKnownFileType = sourcecode.swift; path = MainUser.swift; sourceTree = "<group>"; };
		C6FABAF62018F76C0068C6ED /* Document.swift */ = {isa = PBXFileReference; lastKnownFileType = sourcecode.swift; path = Document.swift; sourceTree = "<group>"; };
		C6FABAF82018F87E0068C6ED /* Template.swift */ = {isa = PBXFileReference; lastKnownFileType = sourcecode.swift; path = Template.swift; sourceTree = "<group>"; };
		C6FABAFA2018FA080068C6ED /* AuthServices.swift */ = {isa = PBXFileReference; lastKnownFileType = sourcecode.swift; path = AuthServices.swift; sourceTree = "<group>"; };
		C6FABAFD2018FBF70068C6ED /* AppShared.swift */ = {isa = PBXFileReference; lastKnownFileType = sourcecode.swift; path = AppShared.swift; sourceTree = "<group>"; };
		C6FABB002019037A0068C6ED /* UIViewControllerExtensions.swift */ = {isa = PBXFileReference; lastKnownFileType = sourcecode.swift; path = UIViewControllerExtensions.swift; sourceTree = "<group>"; };
		C6FABB0220190C7E0068C6ED /* DatabaseManager.swift */ = {isa = PBXFileReference; lastKnownFileType = sourcecode.swift; path = DatabaseManager.swift; sourceTree = "<group>"; };
/* End PBXFileReference section */

/* Begin PBXFrameworksBuildPhase section */
		C6E8EDA32016E5180075B729 /* Frameworks */ = {
			isa = PBXFrameworksBuildPhase;
			buildActionMask = 2147483647;
			files = (
				4F9B3A29CF6BD9E453B7D198 /* Pods_EasyDoc.framework in Frameworks */,
			);
			runOnlyForDeploymentPostprocessing = 0;
		};
/* End PBXFrameworksBuildPhase section */

/* Begin PBXGroup section */
		C648018E201ECAAA0099F872 /* Cells */ = {
			isa = PBXGroup;
			children = (
				C648018F201ECAB50099F872 /* DocumentTableViewCell.swift */,
				C6480191201ECABF0099F872 /* TemplateTableViewCell.swift */,
				C6DEC6942022486D00309C47 /* DocumentFieldTableViewCell.swift */,
				C6DEC696202248E400309C47 /* TemplateFieldTableViewCell.swift */,
			);
			path = Cells;
			sourceTree = "<group>";
		};
		C64801A3201FA6930099F872 /* Login & SignUp */ = {
			isa = PBXGroup;
			children = (
				C6E8EDAB2016E5180075B729 /* LoginViewController.swift */,
				C6E8EDBB2016EFBD0075B729 /* SignUpViewController.swift */,
			);
			path = "Login & SignUp";
			sourceTree = "<group>";
		};
		C64801A4201FA6B00099F872 /* Documents & Templates */ = {
			isa = PBXGroup;
			children = (
				C6E8EDC1201701000075B729 /* DocumentsViewController.swift */,
				C648019F201FA5550099F872 /* TemplatesViewController.swift */,
				C6480199201F94910099F872 /* DocumentViewController.swift */,
				C6DEC692202243E400309C47 /* TemplateTableViewController.swift */,
			);
			path = "Documents & Templates";
			sourceTree = "<group>";
		};
		C64801A5201FA6D20099F872 /* Settings */ = {
			isa = PBXGroup;
			children = (
				C648018C201E69F40099F872 /* SettingsTableViewController.swift */,
			);
			path = Settings;
			sourceTree = "<group>";
		};
		C694858E201AC14400357129 /* plist files */ = {
			isa = PBXGroup;
			children = (
				C694858C201AC13700357129 /* GoogleService-Info.plist */,
				C6E8EDB52016E5180075B729 /* Info.plist */,
			);
			path = "plist files";
			sourceTree = "<group>";
		};
		C6948593201BACCD00357129 /* EasyDocErrors */ = {
			isa = PBXGroup;
			children = (
				C6948591201BAB0100357129 /* ErrorHandling.swift */,
				C6948595201BADA900357129 /* EasyDocError.swift */,
				C6480195201F8E580099F872 /* EasyDocGeneralError.swift */,
				C6480193201F87FA0099F872 /* EasyDocOfflineError.swift */,
				C648018A201C0E3B0099F872 /* EasyDocParsingError.swift */,
				C694858F201B967000357129 /* EasyDocAuthError.swift */,
				C6480188201C02A30099F872 /* EasyDocQueryError.swift */,
			);
			path = EasyDocErrors;
			sourceTree = "<group>";
		};
		C6948594201BACE600357129 /* Extensions */ = {
			isa = PBXGroup;
			children = (
				C6FABB002019037A0068C6ED /* UIViewControllerExtensions.swift */,
				C6480197201F91C70099F872 /* DateExtensions.swift */,
			);
			path = Extensions;
			sourceTree = "<group>";
		};
		C6DEC69820224CA800309C47 /* ded */ = {
			isa = PBXGroup;
			children = (
				C64801A1201FA6880099F872 /* TemplateViewController.swift */,
			);
			path = ded;
			sourceTree = "<group>";
		};
		C6E8ED9D2016E5180075B729 = {
			isa = PBXGroup;
			children = (
				C6E8EDA82016E5180075B729 /* EasyDoc */,
				C6E8EDA72016E5180075B729 /* Products */,
				E47A489102471E16D292FFF7 /* Pods */,
				E60B02C64222FC7F732C7D10 /* Frameworks */,
			);
			sourceTree = "<group>";
		};
		C6E8EDA72016E5180075B729 /* Products */ = {
			isa = PBXGroup;
			children = (
				C6E8EDA62016E5180075B729 /* EasyDoc.app */,
			);
			name = Products;
			sourceTree = "<group>";
		};
		C6E8EDA82016E5180075B729 /* EasyDoc */ = {
			isa = PBXGroup;
			children = (
				C694858E201AC14400357129 /* plist files */,
				C6E8EDC72017CFE10075B729 /* Notes */,
				C6FABAFC2018FBDE0068C6ED /* AppShared */,
				C6FABAF52018F75B0068C6ED /* Documents */,
				C6FABAEE2018F6B20068C6ED /* Actors */,
				C6FABAFF201903640068C6ED /* Functionalities */,
				C6FABB0620190D040068C6ED /* Back-end */,
				C6FABB0520190CD10068C6ED /* Front-end */,
				C6E8EDB02016E5180075B729 /* Assets.xcassets */,
			);
			path = EasyDoc;
			sourceTree = "<group>";
		};
		C6E8EDBD2016EFDE0075B729 /* Views */ = {
			isa = PBXGroup;
			children = (
				C6E8EDB22016E5180075B729 /* LaunchScreen.storyboard */,
				C6E8EDAD2016E5180075B729 /* Main.storyboard */,
			);
			path = Views;
			sourceTree = "<group>";
		};
		C6E8EDBE2016EFEA0075B729 /* Controllers */ = {
			isa = PBXGroup;
			children = (
				C64801A3201FA6930099F872 /* Login & SignUp */,
				C64801A4201FA6B00099F872 /* Documents & Templates */,
				C64801A5201FA6D20099F872 /* Settings */,
			);
			path = Controllers;
			sourceTree = "<group>";
		};
		C6E8EDC72017CFE10075B729 /* Notes */ = {
			isa = PBXGroup;
			children = (
				C6E8EDC52017CFDB0075B729 /* Notes.swift */,
			);
			path = Notes;
			sourceTree = "<group>";
		};
		C6FABAEA201800110068C6ED /* Services */ = {
			isa = PBXGroup;
			children = (
				C6FABAEB201802DF0068C6ED /* LoginServices.swift */,
				C6FABAFA2018FA080068C6ED /* AuthServices.swift */,
				C648019B201F98840099F872 /* FetchingServices.swift */,
				C62418752020ECD200C20CFB /* UploadTemplatesServices.swift */,
				C6DEC6992022539900309C47 /* DocumentServices.swift */,
			);
			path = Services;
			sourceTree = "<group>";
		};
		C6FABAED2018F5B80068C6ED /* Persistence */ = {
			isa = PBXGroup;
			children = (
				C6FABB0220190C7E0068C6ED /* DatabaseManager.swift */,
				C6948597201BCC1F00357129 /* ParseObjects.swift */,
			);
			path = Persistence;
			sourceTree = "<group>";
		};
		C6FABAEE2018F6B20068C6ED /* Actors */ = {
			isa = PBXGroup;
			children = (
				C6FABAF12018F70E0068C6ED /* MainUser.swift */,
			);
			path = Actors;
			sourceTree = "<group>";
		};
		C6FABAF52018F75B0068C6ED /* Documents */ = {
			isa = PBXGroup;
			children = (
				C6FABAF62018F76C0068C6ED /* Document.swift */,
				C6FABAF82018F87E0068C6ED /* Template.swift */,
				C6DEC69B2022971600309C47 /* Field.swift */,
			);
			path = Documents;
			sourceTree = "<group>";
		};
		C6FABAFC2018FBDE0068C6ED /* AppShared */ = {
			isa = PBXGroup;
			children = (
				C6E8EDA92016E5180075B729 /* AppDelegate.swift */,
				C6FABAFD2018FBF70068C6ED /* AppShared.swift */,
			);
			path = AppShared;
			sourceTree = "<group>";
		};
		C6FABAFF201903640068C6ED /* Functionalities */ = {
			isa = PBXGroup;
			children = (
				C6948593201BACCD00357129 /* EasyDocErrors */,
				C6948594201BACE600357129 /* Extensions */,
			);
			path = Functionalities;
			sourceTree = "<group>";
		};
		C6FABB0520190CD10068C6ED /* Front-end */ = {
			isa = PBXGroup;
			children = (
				C6DEC69820224CA800309C47 /* ded */,
				C648018E201ECAAA0099F872 /* Cells */,
				C6E8EDBE2016EFEA0075B729 /* Controllers */,
				C6E8EDBD2016EFDE0075B729 /* Views */,
			);
			path = "Front-end";
			sourceTree = "<group>";
		};
		C6FABB0620190D040068C6ED /* Back-end */ = {
			isa = PBXGroup;
			children = (
				C6FABAED2018F5B80068C6ED /* Persistence */,
				C6FABAEA201800110068C6ED /* Services */,
			);
			path = "Back-end";
			sourceTree = "<group>";
		};
		E47A489102471E16D292FFF7 /* Pods */ = {
			isa = PBXGroup;
			children = (
				ACABEFCA855CF27AA93F7E2E /* Pods-EasyDoc.debug.xcconfig */,
				827BD2A8F175569DA5C08BE6 /* Pods-EasyDoc.release.xcconfig */,
			);
			name = Pods;
			sourceTree = "<group>";
		};
		E60B02C64222FC7F732C7D10 /* Frameworks */ = {
			isa = PBXGroup;
			children = (
				4943565C9B9F22F7FB166CA6 /* Pods_EasyDoc.framework */,
			);
			name = Frameworks;
			sourceTree = "<group>";
		};
/* End PBXGroup section */

/* Begin PBXNativeTarget section */
		C6E8EDA52016E5180075B729 /* EasyDoc */ = {
			isa = PBXNativeTarget;
			buildConfigurationList = C6E8EDB82016E5180075B729 /* Build configuration list for PBXNativeTarget "EasyDoc" */;
			buildPhases = (
				56D94F93CE5B61F79023E19C /* [CP] Check Pods Manifest.lock */,
				C6E8EDA22016E5180075B729 /* Sources */,
				C6E8EDA32016E5180075B729 /* Frameworks */,
				C6E8EDA42016E5180075B729 /* Resources */,
				F6A8683258399BB228477DAA /* [CP] Embed Pods Frameworks */,
				E200642D0959C61890C6E5F0 /* [CP] Copy Pods Resources */,
			);
			buildRules = (
			);
			dependencies = (
			);
			name = EasyDoc;
			productName = EasyDoc;
			productReference = C6E8EDA62016E5180075B729 /* EasyDoc.app */;
			productType = "com.apple.product-type.application";
		};
/* End PBXNativeTarget section */

/* Begin PBXProject section */
		C6E8ED9E2016E5180075B729 /* Project object */ = {
			isa = PBXProject;
			attributes = {
				LastSwiftUpdateCheck = 0920;
				LastUpgradeCheck = 0920;
				ORGANIZATIONNAME = "Rodrigo Hilkner";
				TargetAttributes = {
					C6E8EDA52016E5180075B729 = {
						CreatedOnToolsVersion = 9.2;
						ProvisioningStyle = Automatic;
					};
				};
			};
			buildConfigurationList = C6E8EDA12016E5180075B729 /* Build configuration list for PBXProject "EasyDoc" */;
			compatibilityVersion = "Xcode 8.0";
			developmentRegion = en;
			hasScannedForEncodings = 0;
			knownRegions = (
				en,
				Base,
			);
			mainGroup = C6E8ED9D2016E5180075B729;
			productRefGroup = C6E8EDA72016E5180075B729 /* Products */;
			projectDirPath = "";
			projectRoot = "";
			targets = (
				C6E8EDA52016E5180075B729 /* EasyDoc */,
			);
		};
/* End PBXProject section */

/* Begin PBXResourcesBuildPhase section */
		C6E8EDA42016E5180075B729 /* Resources */ = {
			isa = PBXResourcesBuildPhase;
			buildActionMask = 2147483647;
			files = (
				C6E8EDB42016E5180075B729 /* LaunchScreen.storyboard in Resources */,
				C694858D201AC13700357129 /* GoogleService-Info.plist in Resources */,
				C6E8EDB12016E5180075B729 /* Assets.xcassets in Resources */,
				C6E8EDAF2016E5180075B729 /* Main.storyboard in Resources */,
			);
			runOnlyForDeploymentPostprocessing = 0;
		};
/* End PBXResourcesBuildPhase section */

/* Begin PBXShellScriptBuildPhase section */
		56D94F93CE5B61F79023E19C /* [CP] Check Pods Manifest.lock */ = {
			isa = PBXShellScriptBuildPhase;
			buildActionMask = 2147483647;
			files = (
			);
			inputPaths = (
				"${PODS_PODFILE_DIR_PATH}/Podfile.lock",
				"${PODS_ROOT}/Manifest.lock",
			);
			name = "[CP] Check Pods Manifest.lock";
			outputPaths = (
				"$(DERIVED_FILE_DIR)/Pods-EasyDoc-checkManifestLockResult.txt",
			);
			runOnlyForDeploymentPostprocessing = 0;
			shellPath = /bin/sh;
			shellScript = "diff \"${PODS_PODFILE_DIR_PATH}/Podfile.lock\" \"${PODS_ROOT}/Manifest.lock\" > /dev/null\nif [ $? != 0 ] ; then\n    # print error to STDERR\n    echo \"error: The sandbox is not in sync with the Podfile.lock. Run 'pod install' or update your CocoaPods installation.\" >&2\n    exit 1\nfi\n# This output is used by Xcode 'outputs' to avoid re-running this script phase.\necho \"SUCCESS\" > \"${SCRIPT_OUTPUT_FILE_0}\"\n";
			showEnvVarsInLog = 0;
		};
		E200642D0959C61890C6E5F0 /* [CP] Copy Pods Resources */ = {
			isa = PBXShellScriptBuildPhase;
			buildActionMask = 2147483647;
			files = (
			);
			inputPaths = (
			);
			name = "[CP] Copy Pods Resources";
			outputPaths = (
			);
			runOnlyForDeploymentPostprocessing = 0;
			shellPath = /bin/sh;
			shellScript = "\"${SRCROOT}/Pods/Target Support Files/Pods-EasyDoc/Pods-EasyDoc-resources.sh\"\n";
			showEnvVarsInLog = 0;
		};
		F6A8683258399BB228477DAA /* [CP] Embed Pods Frameworks */ = {
			isa = PBXShellScriptBuildPhase;
			buildActionMask = 2147483647;
			files = (
			);
			inputPaths = (
				"${SRCROOT}/Pods/Target Support Files/Pods-EasyDoc/Pods-EasyDoc-frameworks.sh",
				"${BUILT_PRODUCTS_DIR}/GTMSessionFetcher/GTMSessionFetcher.framework",
				"${BUILT_PRODUCTS_DIR}/GoogleToolboxForMac/GoogleToolboxForMac.framework",
				"${BUILT_PRODUCTS_DIR}/leveldb-library/leveldb.framework",
				"${BUILT_PRODUCTS_DIR}/nanopb/nanopb.framework",
			);
			name = "[CP] Embed Pods Frameworks";
			outputPaths = (
				"${TARGET_BUILD_DIR}/${FRAMEWORKS_FOLDER_PATH}/GTMSessionFetcher.framework",
				"${TARGET_BUILD_DIR}/${FRAMEWORKS_FOLDER_PATH}/GoogleToolboxForMac.framework",
				"${TARGET_BUILD_DIR}/${FRAMEWORKS_FOLDER_PATH}/leveldb.framework",
				"${TARGET_BUILD_DIR}/${FRAMEWORKS_FOLDER_PATH}/nanopb.framework",
			);
			runOnlyForDeploymentPostprocessing = 0;
			shellPath = /bin/sh;
			shellScript = "\"${SRCROOT}/Pods/Target Support Files/Pods-EasyDoc/Pods-EasyDoc-frameworks.sh\"\n";
			showEnvVarsInLog = 0;
		};
/* End PBXShellScriptBuildPhase section */

/* Begin PBXSourcesBuildPhase section */
		C6E8EDA22016E5180075B729 /* Sources */ = {
			isa = PBXSourcesBuildPhase;
			buildActionMask = 2147483647;
			files = (
				C6480189201C02A30099F872 /* EasyDocQueryError.swift in Sources */,
				C6E8EDBC2016EFBD0075B729 /* SignUpViewController.swift in Sources */,
				C6DEC6952022486D00309C47 /* DocumentFieldTableViewCell.swift in Sources */,
				C6E8EDC62017CFDB0075B729 /* Notes.swift in Sources */,
				C62418762020ECD200C20CFB /* UploadTemplatesServices.swift in Sources */,
				C6FABAFE2018FBF70068C6ED /* AppShared.swift in Sources */,
				C6948596201BADA900357129 /* EasyDocError.swift in Sources */,
				C6FABB012019037A0068C6ED /* UIViewControllerExtensions.swift in Sources */,
				C6480190201ECAB50099F872 /* DocumentTableViewCell.swift in Sources */,
				C6480194201F87FA0099F872 /* EasyDocOfflineError.swift in Sources */,
				C6948590201B967000357129 /* EasyDocAuthError.swift in Sources */,
				C6E8EDC2201701000075B729 /* DocumentsViewController.swift in Sources */,
				C6480192201ECABF0099F872 /* TemplateTableViewCell.swift in Sources */,
				C6DEC693202243E400309C47 /* TemplateTableViewController.swift in Sources */,
				C6DEC697202248E400309C47 /* TemplateFieldTableViewCell.swift in Sources */,
				C6480198201F91C70099F872 /* DateExtensions.swift in Sources */,
				C6E8EDAC2016E5180075B729 /* LoginViewController.swift in Sources */,
				C6480196201F8E580099F872 /* EasyDocGeneralError.swift in Sources */,
				C6FABB0320190C7E0068C6ED /* DatabaseManager.swift in Sources */,
				C6E8EDAA2016E5180075B729 /* AppDelegate.swift in Sources */,
				C6FABAF92018F87E0068C6ED /* Template.swift in Sources */,
				C648019C201F98840099F872 /* FetchingServices.swift in Sources */,
				C6DEC69A2022539900309C47 /* DocumentServices.swift in Sources */,
				C6FABAF72018F76C0068C6ED /* Document.swift in Sources */,
				C6FABAF22018F70E0068C6ED /* MainUser.swift in Sources */,
				C6DEC69C2022971600309C47 /* Field.swift in Sources */,
				C64801A2201FA6880099F872 /* TemplateViewController.swift in Sources */,
				C6FABAEC201802DF0068C6ED /* LoginServices.swift in Sources */,
				C648018B201C0E3B0099F872 /* EasyDocParsingError.swift in Sources */,
				C64801A0201FA5550099F872 /* TemplatesViewController.swift in Sources */,
				C648019A201F94910099F872 /* DocumentViewController.swift in Sources */,
				C648018D201E69F40099F872 /* SettingsTableViewController.swift in Sources */,
				C6948592201BAB0100357129 /* ErrorHandling.swift in Sources */,
				C6948598201BCC1F00357129 /* ParseObjects.swift in Sources */,
				C6FABAFB2018FA080068C6ED /* AuthServices.swift in Sources */,
			);
			runOnlyForDeploymentPostprocessing = 0;
		};
/* End PBXSourcesBuildPhase section */

/* Begin PBXVariantGroup section */
		C6E8EDAD2016E5180075B729 /* Main.storyboard */ = {
			isa = PBXVariantGroup;
			children = (
				C6E8EDAE2016E5180075B729 /* Base */,
			);
			name = Main.storyboard;
			sourceTree = "<group>";
		};
		C6E8EDB22016E5180075B729 /* LaunchScreen.storyboard */ = {
			isa = PBXVariantGroup;
			children = (
				C6E8EDB32016E5180075B729 /* Base */,
			);
			name = LaunchScreen.storyboard;
			sourceTree = "<group>";
		};
/* End PBXVariantGroup section */

/* Begin XCBuildConfiguration section */
		C6E8EDB62016E5180075B729 /* Debug */ = {
			isa = XCBuildConfiguration;
			buildSettings = {
				ALWAYS_SEARCH_USER_PATHS = NO;
				CLANG_ANALYZER_NONNULL = YES;
				CLANG_ANALYZER_NUMBER_OBJECT_CONVERSION = YES_AGGRESSIVE;
				CLANG_CXX_LANGUAGE_STANDARD = "gnu++14";
				CLANG_CXX_LIBRARY = "libc++";
				CLANG_ENABLE_MODULES = YES;
				CLANG_ENABLE_OBJC_ARC = YES;
				CLANG_WARN_BLOCK_CAPTURE_AUTORELEASING = YES;
				CLANG_WARN_BOOL_CONVERSION = YES;
				CLANG_WARN_COMMA = YES;
				CLANG_WARN_CONSTANT_CONVERSION = YES;
				CLANG_WARN_DIRECT_OBJC_ISA_USAGE = YES_ERROR;
				CLANG_WARN_DOCUMENTATION_COMMENTS = YES;
				CLANG_WARN_EMPTY_BODY = YES;
				CLANG_WARN_ENUM_CONVERSION = YES;
				CLANG_WARN_INFINITE_RECURSION = YES;
				CLANG_WARN_INT_CONVERSION = YES;
				CLANG_WARN_NON_LITERAL_NULL_CONVERSION = YES;
				CLANG_WARN_OBJC_LITERAL_CONVERSION = YES;
				CLANG_WARN_OBJC_ROOT_CLASS = YES_ERROR;
				CLANG_WARN_RANGE_LOOP_ANALYSIS = YES;
				CLANG_WARN_STRICT_PROTOTYPES = YES;
				CLANG_WARN_SUSPICIOUS_MOVE = YES;
				CLANG_WARN_UNGUARDED_AVAILABILITY = YES_AGGRESSIVE;
				CLANG_WARN_UNREACHABLE_CODE = YES;
				CLANG_WARN__DUPLICATE_METHOD_MATCH = YES;
				CODE_SIGN_IDENTITY = "iPhone Developer";
				COPY_PHASE_STRIP = NO;
				DEBUG_INFORMATION_FORMAT = dwarf;
				ENABLE_STRICT_OBJC_MSGSEND = YES;
				ENABLE_TESTABILITY = YES;
				GCC_C_LANGUAGE_STANDARD = gnu11;
				GCC_DYNAMIC_NO_PIC = NO;
				GCC_NO_COMMON_BLOCKS = YES;
				GCC_OPTIMIZATION_LEVEL = 0;
				GCC_PREPROCESSOR_DEFINITIONS = (
					"DEBUG=1",
					"$(inherited)",
				);
				GCC_WARN_64_TO_32_BIT_CONVERSION = YES;
				GCC_WARN_ABOUT_RETURN_TYPE = YES_ERROR;
				GCC_WARN_UNDECLARED_SELECTOR = YES;
				GCC_WARN_UNINITIALIZED_AUTOS = YES_AGGRESSIVE;
				GCC_WARN_UNUSED_FUNCTION = YES;
				GCC_WARN_UNUSED_VARIABLE = YES;
				IPHONEOS_DEPLOYMENT_TARGET = 11.2;
				MTL_ENABLE_DEBUG_INFO = YES;
				ONLY_ACTIVE_ARCH = YES;
				SDKROOT = iphoneos;
				SWIFT_ACTIVE_COMPILATION_CONDITIONS = DEBUG;
				SWIFT_OPTIMIZATION_LEVEL = "-Onone";
			};
			name = Debug;
		};
		C6E8EDB72016E5180075B729 /* Release */ = {
			isa = XCBuildConfiguration;
			buildSettings = {
				ALWAYS_SEARCH_USER_PATHS = NO;
				CLANG_ANALYZER_NONNULL = YES;
				CLANG_ANALYZER_NUMBER_OBJECT_CONVERSION = YES_AGGRESSIVE;
				CLANG_CXX_LANGUAGE_STANDARD = "gnu++14";
				CLANG_CXX_LIBRARY = "libc++";
				CLANG_ENABLE_MODULES = YES;
				CLANG_ENABLE_OBJC_ARC = YES;
				CLANG_WARN_BLOCK_CAPTURE_AUTORELEASING = YES;
				CLANG_WARN_BOOL_CONVERSION = YES;
				CLANG_WARN_COMMA = YES;
				CLANG_WARN_CONSTANT_CONVERSION = YES;
				CLANG_WARN_DIRECT_OBJC_ISA_USAGE = YES_ERROR;
				CLANG_WARN_DOCUMENTATION_COMMENTS = YES;
				CLANG_WARN_EMPTY_BODY = YES;
				CLANG_WARN_ENUM_CONVERSION = YES;
				CLANG_WARN_INFINITE_RECURSION = YES;
				CLANG_WARN_INT_CONVERSION = YES;
				CLANG_WARN_NON_LITERAL_NULL_CONVERSION = YES;
				CLANG_WARN_OBJC_LITERAL_CONVERSION = YES;
				CLANG_WARN_OBJC_ROOT_CLASS = YES_ERROR;
				CLANG_WARN_RANGE_LOOP_ANALYSIS = YES;
				CLANG_WARN_STRICT_PROTOTYPES = YES;
				CLANG_WARN_SUSPICIOUS_MOVE = YES;
				CLANG_WARN_UNGUARDED_AVAILABILITY = YES_AGGRESSIVE;
				CLANG_WARN_UNREACHABLE_CODE = YES;
				CLANG_WARN__DUPLICATE_METHOD_MATCH = YES;
				CODE_SIGN_IDENTITY = "iPhone Developer";
				COPY_PHASE_STRIP = NO;
				DEBUG_INFORMATION_FORMAT = "dwarf-with-dsym";
				ENABLE_NS_ASSERTIONS = NO;
				ENABLE_STRICT_OBJC_MSGSEND = YES;
				GCC_C_LANGUAGE_STANDARD = gnu11;
				GCC_NO_COMMON_BLOCKS = YES;
				GCC_WARN_64_TO_32_BIT_CONVERSION = YES;
				GCC_WARN_ABOUT_RETURN_TYPE = YES_ERROR;
				GCC_WARN_UNDECLARED_SELECTOR = YES;
				GCC_WARN_UNINITIALIZED_AUTOS = YES_AGGRESSIVE;
				GCC_WARN_UNUSED_FUNCTION = YES;
				GCC_WARN_UNUSED_VARIABLE = YES;
				IPHONEOS_DEPLOYMENT_TARGET = 11.2;
				MTL_ENABLE_DEBUG_INFO = NO;
				SDKROOT = iphoneos;
				SWIFT_OPTIMIZATION_LEVEL = "-Owholemodule";
				VALIDATE_PRODUCT = YES;
			};
			name = Release;
		};
		C6E8EDB92016E5180075B729 /* Debug */ = {
			isa = XCBuildConfiguration;
			baseConfigurationReference = ACABEFCA855CF27AA93F7E2E /* Pods-EasyDoc.debug.xcconfig */;
			buildSettings = {
				ASSETCATALOG_COMPILER_APPICON_NAME = AppIcon;
				CODE_SIGN_STYLE = Automatic;
				DEVELOPMENT_TEAM = HMM2SSNKR5;
				INFOPLIST_FILE = "$(SRCROOT)/EasyDoc/plist files/Info.plist";
				LD_RUNPATH_SEARCH_PATHS = "$(inherited) @executable_path/Frameworks";
				PRODUCT_BUNDLE_IDENTIFIER = xpt.EasyDoc;
				PRODUCT_NAME = "$(TARGET_NAME)";
				SWIFT_VERSION = 4.0;
				TARGETED_DEVICE_FAMILY = "1,2";
			};
			name = Debug;
		};
		C6E8EDBA2016E5180075B729 /* Release */ = {
			isa = XCBuildConfiguration;
			baseConfigurationReference = 827BD2A8F175569DA5C08BE6 /* Pods-EasyDoc.release.xcconfig */;
			buildSettings = {
				ASSETCATALOG_COMPILER_APPICON_NAME = AppIcon;
				CODE_SIGN_STYLE = Automatic;
				DEVELOPMENT_TEAM = HMM2SSNKR5;
				INFOPLIST_FILE = "$(SRCROOT)/EasyDoc/plist files/Info.plist";
				LD_RUNPATH_SEARCH_PATHS = "$(inherited) @executable_path/Frameworks";
				PRODUCT_BUNDLE_IDENTIFIER = xpt.EasyDoc;
				PRODUCT_NAME = "$(TARGET_NAME)";
				SWIFT_VERSION = 4.0;
				TARGETED_DEVICE_FAMILY = "1,2";
			};
			name = Release;
		};
/* End XCBuildConfiguration section */

/* Begin XCConfigurationList section */
		C6E8EDA12016E5180075B729 /* Build configuration list for PBXProject "EasyDoc" */ = {
			isa = XCConfigurationList;
			buildConfigurations = (
				C6E8EDB62016E5180075B729 /* Debug */,
				C6E8EDB72016E5180075B729 /* Release */,
			);
			defaultConfigurationIsVisible = 0;
			defaultConfigurationName = Release;
		};
		C6E8EDB82016E5180075B729 /* Build configuration list for PBXNativeTarget "EasyDoc" */ = {
			isa = XCConfigurationList;
			buildConfigurations = (
				C6E8EDB92016E5180075B729 /* Debug */,
				C6E8EDBA2016E5180075B729 /* Release */,
			);
			defaultConfigurationIsVisible = 0;
			defaultConfigurationName = Release;
		};
/* End XCConfigurationList section */
	};
	rootObject = C6E8ED9E2016E5180075B729 /* Project object */;
}
